{
  "originHash" : "0038e17d63ae04fbaf4bc07ec293b0d65a61a3414962b8a3e9f00e988cf53b62",
  "pins" : [
    {
      "identity" : "contour-ai-sdk-spm",
      "kind" : "remoteSourceControl",
      "location" : "https://github.com/Contour-Document-Imaging/contour-ai-sdk-spm",
      "state" : {
        "revision" : "654e2d39ec777266dcf021561f80f1a55862afbc",
        "version" : "1.13.2"
      }
    }
  ],
  "version" : 3
}
